github.com/sendgrid/rest v2.6.0+incompatible h1:a2tyRVS0S5kcY6fVq5ihxOTJiGTQROrqf7SkKbmpYzs=
github.com/sendgrid/rest v2.6.0+incompatible/go.mod h1:kXX7q3jZtJXK5c5qK83bSGMdV6tsOE70KbHoqJls4lE=
github.com/sendgrid/sendgrid-go v3.6.0+incompatible h1:ZSvuHv7JuLnC9iaDubK7iNCfmR4vt8tcbuzsAYQUumo=
github.com/sendgrid/sendgrid-go v3.6.0+incompatible/go.mod h1:QRQt+LX/NmgVEvmdRw0VT/QgUn499+iza2FnDca9fg8=
